// !$*UTF8*$!
{
	archiveVersion = 1;
	classes = {
	};
	objectVersion = 55;
	objects = {

/* Begin PBXBuildFile section */
		E445DCDE28668EDA005FE9A1 /* AppDelegate.swift in Sources */ = {isa = PBXBuildFile; fileRef = E445DCDD28668EDA005FE9A1 /* AppDelegate.swift */; };
		E445DCE028668EDA005FE9A1 /* SceneDelegate.swift in Sources */ = {isa = PBXBuildFile; fileRef = E445DCDF28668EDA005FE9A1 /* SceneDelegate.swift */; };
		E445DCE728668EDC005FE9A1 /* Assets.xcassets in Resources */ = {isa = PBXBuildFile; fileRef = E445DCE628668EDC005FE9A1 /* Assets.xcassets */; };
		E445DCEA28668EDC005FE9A1 /* LaunchScreen.storyboard in Resources */ = {isa = PBXBuildFile; fileRef = E445DCE828668EDC005FE9A1 /* LaunchScreen.storyboard */; };
		E445DCF528668EDC005FE9A1 /* FastieeTests.swift in Sources */ = {isa = PBXBuildFile; fileRef = E445DCF428668EDC005FE9A1 /* FastieeTests.swift */; };
		E445DCFF28668EDC005FE9A1 /* FastieeUITests.swift in Sources */ = {isa = PBXBuildFile; fileRef = E445DCFE28668EDC005FE9A1 /* FastieeUITests.swift */; };
		E445DD0128668EDC005FE9A1 /* FastieeUITestsLaunchTests.swift in Sources */ = {isa = PBXBuildFile; fileRef = E445DD0028668EDC005FE9A1 /* FastieeUITestsLaunchTests.swift */; };
		E445DD2C28668F5A005FE9A1 /* Constants.swift in Sources */ = {isa = PBXBuildFile; fileRef = E445DD0F28668F5A005FE9A1 /* Constants.swift */; };
		E445DD2D28668F5A005FE9A1 /* ViewController.swift in Sources */ = {isa = PBXBuildFile; fileRef = E445DD1028668F5A005FE9A1 /* ViewController.swift */; };
		E445DD2E28668F5A005FE9A1 /* IconButton.swift in Sources */ = {isa = PBXBuildFile; fileRef = E445DD1228668F5A005FE9A1 /* IconButton.swift */; };
		E445DD2F28668F5A005FE9A1 /* RoundButton.swift in Sources */ = {isa = PBXBuildFile; fileRef = E445DD1328668F5A005FE9A1 /* RoundButton.swift */; };
		E445DD3028668F5A005FE9A1 /* CircleView.swift in Sources */ = {isa = PBXBuildFile; fileRef = E445DD1428668F5A005FE9A1 /* CircleView.swift */; };
		E445DD3128668F5A005FE9A1 /* TextButton.swift in Sources */ = {isa = PBXBuildFile; fileRef = E445DD1528668F5A005FE9A1 /* TextButton.swift */; };
		E445DD3228668F5A005FE9A1 /* UIColor+Theme.swift in Sources */ = {isa = PBXBuildFile; fileRef = E445DD1628668F5A005FE9A1 /* UIColor+Theme.swift */; };
		E445DD3328668F5A005FE9A1 /* UIFont+Theme.swift in Sources */ = {isa = PBXBuildFile; fileRef = E445DD1728668F5A005FE9A1 /* UIFont+Theme.swift */; };
		E445DD3428668F5A005FE9A1 /* UIView+fadein.swift in Sources */ = {isa = PBXBuildFile; fileRef = E445DD1928668F5A005FE9A1 /* UIView+fadein.swift */; };
		E445DD3528668F5A005FE9A1 /* String+convertEmojiToImage.swift in Sources */ = {isa = PBXBuildFile; fileRef = E445DD1A28668F5A005FE9A1 /* String+convertEmojiToImage.swift */; };
		E445DD3628668F5A005FE9A1 /* UIImageView+loadImageUsingURL.swift in Sources */ = {isa = PBXBuildFile; fileRef = E445DD1B28668F5A005FE9A1 /* UIImageView+loadImageUsingURL.swift */; };
		E445DD3728668F5A005FE9A1 /* UIColor+hex.swift in Sources */ = {isa = PBXBuildFile; fileRef = E445DD1C28668F5A005FE9A1 /* UIColor+hex.swift */; };
		E445DD3828668F5A005FE9A1 /* Decimal+formatter.swift in Sources */ = {isa = PBXBuildFile; fileRef = E445DD1D28668F5A005FE9A1 /* Decimal+formatter.swift */; };
		E445DD3928668F5A005FE9A1 /* UIViewController+Keyboard.swift in Sources */ = {isa = PBXBuildFile; fileRef = E445DD1E28668F5A005FE9A1 /* UIViewController+Keyboard.swift */; };
		E445DD3A28668F5A005FE9A1 /* Date+startOfMonth.swift in Sources */ = {isa = PBXBuildFile; fileRef = E445DD1F28668F5A005FE9A1 /* Date+startOfMonth.swift */; };
		E445DD3B28668F5A005FE9A1 /* UIStack+RemoveAll.swift in Sources */ = {isa = PBXBuildFile; fileRef = E445DD2028668F5A005FE9A1 /* UIStack+RemoveAll.swift */; };
		E445DD3C28668F5A005FE9A1 /* UIView+roundCorners.swift in Sources */ = {isa = PBXBuildFile; fileRef = E445DD2128668F5A005FE9A1 /* UIView+roundCorners.swift */; };
		E445DD3D28668F5A005FE9A1 /* Date+BeforeAfter.swift in Sources */ = {isa = PBXBuildFile; fileRef = E445DD2228668F5A005FE9A1 /* Date+BeforeAfter.swift */; };
		E445DD3E28668F5A005FE9A1 /* UIViewController+Toast.swift in Sources */ = {isa = PBXBuildFile; fileRef = E445DD2328668F5A005FE9A1 /* UIViewController+Toast.swift */; };
		E445DD3F28668F5A005FE9A1 /* UILabel+setLineHeight.swift in Sources */ = {isa = PBXBuildFile; fileRef = E445DD2428668F5A005FE9A1 /* UILabel+setLineHeight.swift */; };
		E445DD4028668F5A005FE9A1 /* UIViewController+Utils.swift in Sources */ = {isa = PBXBuildFile; fileRef = E445DD2528668F5A005FE9A1 /* UIViewController+Utils.swift */; };
		E445DD4128668F5A005FE9A1 /* String+capitalization.swift in Sources */ = {isa = PBXBuildFile; fileRef = E445DD2628668F5A005FE9A1 /* String+capitalization.swift */; };
		E445DD4228668F5A005FE9A1 /* Double+roundToDecimalPlace.swift in Sources */ = {isa = PBXBuildFile; fileRef = E445DD2728668F5A005FE9A1 /* Double+roundToDecimalPlace.swift */; };
		E445DD4328668F5A005FE9A1 /* String+convertFromHTMLToAttributedString.swift in Sources */ = {isa = PBXBuildFile; fileRef = E445DD2828668F5A005FE9A1 /* String+convertFromHTMLToAttributedString.swift */; };
		E445DD4428668F5A005FE9A1 /* ProgressBarView.swift in Sources */ = {isa = PBXBuildFile; fileRef = E445DD2A28668F5A005FE9A1 /* ProgressBarView.swift */; };
		E445DD4528668F5A005FE9A1 /* SpinnerView.swift in Sources */ = {isa = PBXBuildFile; fileRef = E445DD2B28668F5A005FE9A1 /* SpinnerView.swift */; };
		E445DD4B28668F9C005FE9A1 /* HomeViewController.swift in Sources */ = {isa = PBXBuildFile; fileRef = E445DD4A28668F9C005FE9A1 /* HomeViewController.swift */; };
		E445DD4E2866909C005FE9A1 /* SnapKit in Frameworks */ = {isa = PBXBuildFile; productRef = E445DD4D2866909C005FE9A1 /* SnapKit */; };
		E445DD51286690B7005FE9A1 /* RxCocoa in Frameworks */ = {isa = PBXBuildFile; productRef = E445DD50286690B7005FE9A1 /* RxCocoa */; };
		E445DD53286690B7005FE9A1 /* RxRelay in Frameworks */ = {isa = PBXBuildFile; productRef = E445DD52286690B7005FE9A1 /* RxRelay */; };
		E445DD55286690B7005FE9A1 /* RxSwift in Frameworks */ = {isa = PBXBuildFile; productRef = E445DD54286690B7005FE9A1 /* RxSwift */; };
		E445DD58286690CE005FE9A1 /* RxDataSources in Frameworks */ = {isa = PBXBuildFile; productRef = E445DD57286690CE005FE9A1 /* RxDataSources */; };
/* End PBXBuildFile section */

/* Begin PBXContainerItemProxy section */
		E445DCF128668EDC005FE9A1 /* PBXContainerItemProxy */ = {
			isa = PBXContainerItemProxy;
			containerPortal = E445DCD228668EDA005FE9A1 /* Project object */;
			proxyType = 1;
			remoteGlobalIDString = E445DCD928668EDA005FE9A1;
			remoteInfo = Fastiee;
		};
		E445DCFB28668EDC005FE9A1 /* PBXContainerItemProxy */ = {
			isa = PBXContainerItemProxy;
			containerPortal = E445DCD228668EDA005FE9A1 /* Project object */;
			proxyType = 1;
			remoteGlobalIDString = E445DCD928668EDA005FE9A1;
			remoteInfo = Fastiee;
		};
/* End PBXContainerItemProxy section */

/* Begin PBXFileReference section */
		E445DCDA28668EDA005FE9A1 /* Fastiee.app */ = {isa = PBXFileReference; explicitFileType = wrapper.application; includeInIndex = 0; path = Fastiee.app; sourceTree = BUILT_PRODUCTS_DIR; };
		E445DCDD28668EDA005FE9A1 /* AppDelegate.swift */ = {isa = PBXFileReference; lastKnownFileType = sourcecode.swift; path = AppDelegate.swift; sourceTree = "<group>"; };
		E445DCDF28668EDA005FE9A1 /* SceneDelegate.swift */ = {isa = PBXFileReference; lastKnownFileType = sourcecode.swift; path = SceneDelegate.swift; sourceTree = "<group>"; };
		E445DCE628668EDC005FE9A1 /* Assets.xcassets */ = {isa = PBXFileReference; lastKnownFileType = folder.assetcatalog; path = Assets.xcassets; sourceTree = "<group>"; };
		E445DCE928668EDC005FE9A1 /* Base */ = {isa = PBXFileReference; lastKnownFileType = file.storyboard; name = Base; path = Base.lproj/LaunchScreen.storyboard; sourceTree = "<group>"; };
		E445DCEB28668EDC005FE9A1 /* Info.plist */ = {isa = PBXFileReference; lastKnownFileType = text.plist.xml; path = Info.plist; sourceTree = "<group>"; };
		E445DCF028668EDC005FE9A1 /* FastieeTests.xctest */ = {isa = PBXFileReference; explicitFileType = wrapper.cfbundle; includeInIndex = 0; path = FastieeTests.xctest; sourceTree = BUILT_PRODUCTS_DIR; };
		E445DCF428668EDC005FE9A1 /* FastieeTests.swift */ = {isa = PBXFileReference; lastKnownFileType = sourcecode.swift; path = FastieeTests.swift; sourceTree = "<group>"; };
		E445DCFA28668EDC005FE9A1 /* FastieeUITests.xctest */ = {isa = PBXFileReference; explicitFileType = wrapper.cfbundle; includeInIndex = 0; path = FastieeUITests.xctest; sourceTree = BUILT_PRODUCTS_DIR; };
		E445DCFE28668EDC005FE9A1 /* FastieeUITests.swift */ = {isa = PBXFileReference; lastKnownFileType = sourcecode.swift; path = FastieeUITests.swift; sourceTree = "<group>"; };
		E445DD0028668EDC005FE9A1 /* FastieeUITestsLaunchTests.swift */ = {isa = PBXFileReference; lastKnownFileType = sourcecode.swift; path = FastieeUITestsLaunchTests.swift; sourceTree = "<group>"; };
		E445DD0F28668F5A005FE9A1 /* Constants.swift */ = {isa = PBXFileReference; fileEncoding = 4; lastKnownFileType = sourcecode.swift; path = Constants.swift; sourceTree = "<group>"; };
		E445DD1028668F5A005FE9A1 /* ViewController.swift */ = {isa = PBXFileReference; fileEncoding = 4; lastKnownFileType = sourcecode.swift; path = ViewController.swift; sourceTree = "<group>"; };
		E445DD1228668F5A005FE9A1 /* IconButton.swift */ = {isa = PBXFileReference; fileEncoding = 4; lastKnownFileType = sourcecode.swift; path = IconButton.swift; sourceTree = "<group>"; };
		E445DD1328668F5A005FE9A1 /* RoundButton.swift */ = {isa = PBXFileReference; fileEncoding = 4; lastKnownFileType = sourcecode.swift; path = RoundButton.swift; sourceTree = "<group>"; };
		E445DD1428668F5A005FE9A1 /* CircleView.swift */ = {isa = PBXFileReference; fileEncoding = 4; lastKnownFileType = sourcecode.swift; path = CircleView.swift; sourceTree = "<group>"; };
		E445DD1528668F5A005FE9A1 /* TextButton.swift */ = {isa = PBXFileReference; fileEncoding = 4; lastKnownFileType = sourcecode.swift; path = TextButton.swift; sourceTree = "<group>"; };
		E445DD1628668F5A005FE9A1 /* UIColor+Theme.swift */ = {isa = PBXFileReference; fileEncoding = 4; lastKnownFileType = sourcecode.swift; path = "UIColor+Theme.swift"; sourceTree = "<group>"; };
		E445DD1728668F5A005FE9A1 /* UIFont+Theme.swift */ = {isa = PBXFileReference; fileEncoding = 4; lastKnownFileType = sourcecode.swift; path = "UIFont+Theme.swift"; sourceTree = "<group>"; };
		E445DD1928668F5A005FE9A1 /* UIView+fadein.swift */ = {isa = PBXFileReference; fileEncoding = 4; lastKnownFileType = sourcecode.swift; path = "UIView+fadein.swift"; sourceTree = "<group>"; };
		E445DD1A28668F5A005FE9A1 /* String+convertEmojiToImage.swift */ = {isa = PBXFileReference; fileEncoding = 4; lastKnownFileType = sourcecode.swift; path = "String+convertEmojiToImage.swift"; sourceTree = "<group>"; };
		E445DD1B28668F5A005FE9A1 /* UIImageView+loadImageUsingURL.swift */ = {isa = PBXFileReference; fileEncoding = 4; lastKnownFileType = sourcecode.swift; path = "UIImageView+loadImageUsingURL.swift"; sourceTree = "<group>"; };
		E445DD1C28668F5A005FE9A1 /* UIColor+hex.swift */ = {isa = PBXFileReference; fileEncoding = 4; lastKnownFileType = sourcecode.swift; path = "UIColor+hex.swift"; sourceTree = "<group>"; };
		E445DD1D28668F5A005FE9A1 /* Decimal+formatter.swift */ = {isa = PBXFileReference; fileEncoding = 4; lastKnownFileType = sourcecode.swift; path = "Decimal+formatter.swift"; sourceTree = "<group>"; };
		E445DD1E28668F5A005FE9A1 /* UIViewController+Keyboard.swift */ = {isa = PBXFileReference; fileEncoding = 4; lastKnownFileType = sourcecode.swift; path = "UIViewController+Keyboard.swift"; sourceTree = "<group>"; };
		E445DD1F28668F5A005FE9A1 /* Date+startOfMonth.swift */ = {isa = PBXFileReference; fileEncoding = 4; lastKnownFileType = sourcecode.swift; path = "Date+startOfMonth.swift"; sourceTree = "<group>"; };
		E445DD2028668F5A005FE9A1 /* UIStack+RemoveAll.swift */ = {isa = PBXFileReference; fileEncoding = 4; lastKnownFileType = sourcecode.swift; path = "UIStack+RemoveAll.swift"; sourceTree = "<group>"; };
		E445DD2128668F5A005FE9A1 /* UIView+roundCorners.swift */ = {isa = PBXFileReference; fileEncoding = 4; lastKnownFileType = sourcecode.swift; path = "UIView+roundCorners.swift"; sourceTree = "<group>"; };
		E445DD2228668F5A005FE9A1 /* Date+BeforeAfter.swift */ = {isa = PBXFileReference; fileEncoding = 4; lastKnownFileType = sourcecode.swift; path = "Date+BeforeAfter.swift"; sourceTree = "<group>"; };
		E445DD2328668F5A005FE9A1 /* UIViewController+Toast.swift */ = {isa = PBXFileReference; fileEncoding = 4; lastKnownFileType = sourcecode.swift; path = "UIViewController+Toast.swift"; sourceTree = "<group>"; };
		E445DD2428668F5A005FE9A1 /* UILabel+setLineHeight.swift */ = {isa = PBXFileReference; fileEncoding = 4; lastKnownFileType = sourcecode.swift; path = "UILabel+setLineHeight.swift"; sourceTree = "<group>"; };
		E445DD2528668F5A005FE9A1 /* UIViewController+Utils.swift */ = {isa = PBXFileReference; fileEncoding = 4; lastKnownFileType = sourcecode.swift; path = "UIViewController+Utils.swift"; sourceTree = "<group>"; };
		E445DD2628668F5A005FE9A1 /* String+capitalization.swift */ = {isa = PBXFileReference; fileEncoding = 4; lastKnownFileType = sourcecode.swift; path = "String+capitalization.swift"; sourceTree = "<group>"; };
		E445DD2728668F5A005FE9A1 /* Double+roundToDecimalPlace.swift */ = {isa = PBXFileReference; fileEncoding = 4; lastKnownFileType = sourcecode.swift; path = "Double+roundToDecimalPlace.swift"; sourceTree = "<group>"; };
		E445DD2828668F5A005FE9A1 /* String+convertFromHTMLToAttributedString.swift */ = {isa = PBXFileReference; fileEncoding = 4; lastKnownFileType = sourcecode.swift; path = "String+convertFromHTMLToAttributedString.swift"; sourceTree = "<group>"; };
		E445DD2A28668F5A005FE9A1 /* ProgressBarView.swift */ = {isa = PBXFileReference; fileEncoding = 4; lastKnownFileType = sourcecode.swift; path = ProgressBarView.swift; sourceTree = "<group>"; };
		E445DD2B28668F5A005FE9A1 /* SpinnerView.swift */ = {isa = PBXFileReference; fileEncoding = 4; lastKnownFileType = sourcecode.swift; path = SpinnerView.swift; sourceTree = "<group>"; };
		E445DD4A28668F9C005FE9A1 /* HomeViewController.swift */ = {isa = PBXFileReference; lastKnownFileType = sourcecode.swift; path = HomeViewController.swift; sourceTree = "<group>"; };
/* End PBXFileReference section */

/* Begin PBXFrameworksBuildPhase section */
		E445DCD728668EDA005FE9A1 /* Frameworks */ = {
			isa = PBXFrameworksBuildPhase;
			buildActionMask = 2147483647;
			files = (
				E445DD53286690B7005FE9A1 /* RxRelay in Frameworks */,
				E445DD51286690B7005FE9A1 /* RxCocoa in Frameworks */,
				E445DD55286690B7005FE9A1 /* RxSwift in Frameworks */,
				E445DD58286690CE005FE9A1 /* RxDataSources in Frameworks */,
				E445DD4E2866909C005FE9A1 /* SnapKit in Frameworks */,
			);
			runOnlyForDeploymentPostprocessing = 0;
		};
		E445DCED28668EDC005FE9A1 /* Frameworks */ = {
			isa = PBXFrameworksBuildPhase;
			buildActionMask = 2147483647;
			files = (
			);
			runOnlyForDeploymentPostprocessing = 0;
		};
		E445DCF728668EDC005FE9A1 /* Frameworks */ = {
			isa = PBXFrameworksBuildPhase;
			buildActionMask = 2147483647;
			files = (
			);
			runOnlyForDeploymentPostprocessing = 0;
		};
/* End PBXFrameworksBuildPhase section */

/* Begin PBXGroup section */
		E445DCD128668EDA005FE9A1 = {
			isa = PBXGroup;
			children = (
				E445DCDC28668EDA005FE9A1 /* Fastiee */,
				E445DCF328668EDC005FE9A1 /* FastieeTests */,
				E445DCFD28668EDC005FE9A1 /* FastieeUITests */,
				E445DCDB28668EDA005FE9A1 /* Products */,
			);
			sourceTree = "<group>";
		};
		E445DCDB28668EDA005FE9A1 /* Products */ = {
			isa = PBXGroup;
			children = (
				E445DCDA28668EDA005FE9A1 /* Fastiee.app */,
				E445DCF028668EDC005FE9A1 /* FastieeTests.xctest */,
				E445DCFA28668EDC005FE9A1 /* FastieeUITests.xctest */,
			);
			name = Products;
			sourceTree = "<group>";
		};
		E445DCDC28668EDA005FE9A1 /* Fastiee */ = {
			isa = PBXGroup;
			children = (
				E445DD0D28668F39005FE9A1 /* Features */,
				E445DD0E28668F5A005FE9A1 /* Core */,
				E445DCDD28668EDA005FE9A1 /* AppDelegate.swift */,
				E445DCDF28668EDA005FE9A1 /* SceneDelegate.swift */,
				E445DCE628668EDC005FE9A1 /* Assets.xcassets */,
				E445DCE828668EDC005FE9A1 /* LaunchScreen.storyboard */,
				E445DCEB28668EDC005FE9A1 /* Info.plist */,
			);
			path = Fastiee;
			sourceTree = "<group>";
		};
		E445DCF328668EDC005FE9A1 /* FastieeTests */ = {
			isa = PBXGroup;
			children = (
				E445DCF428668EDC005FE9A1 /* FastieeTests.swift */,
			);
			path = FastieeTests;
			sourceTree = "<group>";
		};
		E445DCFD28668EDC005FE9A1 /* FastieeUITests */ = {
			isa = PBXGroup;
			children = (
				E445DCFE28668EDC005FE9A1 /* FastieeUITests.swift */,
				E445DD0028668EDC005FE9A1 /* FastieeUITestsLaunchTests.swift */,
			);
			path = FastieeUITests;
			sourceTree = "<group>";
		};
		E445DD0D28668F39005FE9A1 /* Features */ = {
			isa = PBXGroup;
			children = (
				E445DD4628668F6F005FE9A1 /* Home */,
			);
			path = Features;
			sourceTree = "<group>";
		};
		E445DD0E28668F5A005FE9A1 /* Core */ = {
			isa = PBXGroup;
			children = (
				E445DD0F28668F5A005FE9A1 /* Constants.swift */,
				E445DD1028668F5A005FE9A1 /* ViewController.swift */,
				E445DD1128668F5A005FE9A1 /* Buttons */,
				E445DD1628668F5A005FE9A1 /* UIColor+Theme.swift */,
				E445DD1728668F5A005FE9A1 /* UIFont+Theme.swift */,
				E445DD1828668F5A005FE9A1 /* Extensions */,
				E445DD2928668F5A005FE9A1 /* Views */,
			);
			path = Core;
			sourceTree = "<group>";
		};
		E445DD1128668F5A005FE9A1 /* Buttons */ = {
			isa = PBXGroup;
			children = (
				E445DD1228668F5A005FE9A1 /* IconButton.swift */,
				E445DD1328668F5A005FE9A1 /* RoundButton.swift */,
				E445DD1428668F5A005FE9A1 /* CircleView.swift */,
				E445DD1528668F5A005FE9A1 /* TextButton.swift */,
			);
			path = Buttons;
			sourceTree = "<group>";
		};
		E445DD1828668F5A005FE9A1 /* Extensions */ = {
			isa = PBXGroup;
			children = (
				E445DD1928668F5A005FE9A1 /* UIView+fadein.swift */,
				E445DD1A28668F5A005FE9A1 /* String+convertEmojiToImage.swift */,
				E445DD1B28668F5A005FE9A1 /* UIImageView+loadImageUsingURL.swift */,
				E445DD1C28668F5A005FE9A1 /* UIColor+hex.swift */,
				E445DD1D28668F5A005FE9A1 /* Decimal+formatter.swift */,
				E445DD1E28668F5A005FE9A1 /* UIViewController+Keyboard.swift */,
				E445DD1F28668F5A005FE9A1 /* Date+startOfMonth.swift */,
				E445DD2028668F5A005FE9A1 /* UIStack+RemoveAll.swift */,
				E445DD2128668F5A005FE9A1 /* UIView+roundCorners.swift */,
				E445DD2228668F5A005FE9A1 /* Date+BeforeAfter.swift */,
				E445DD2328668F5A005FE9A1 /* UIViewController+Toast.swift */,
				E445DD2428668F5A005FE9A1 /* UILabel+setLineHeight.swift */,
				E445DD2528668F5A005FE9A1 /* UIViewController+Utils.swift */,
				E445DD2628668F5A005FE9A1 /* String+capitalization.swift */,
				E445DD2728668F5A005FE9A1 /* Double+roundToDecimalPlace.swift */,
				E445DD2828668F5A005FE9A1 /* String+convertFromHTMLToAttributedString.swift */,
			);
			path = Extensions;
			sourceTree = "<group>";
		};
		E445DD2928668F5A005FE9A1 /* Views */ = {
			isa = PBXGroup;
			children = (
				E445DD2A28668F5A005FE9A1 /* ProgressBarView.swift */,
				E445DD2B28668F5A005FE9A1 /* SpinnerView.swift */,
			);
			path = Views;
			sourceTree = "<group>";
		};
		E445DD4628668F6F005FE9A1 /* Home */ = {
			isa = PBXGroup;
			children = (
				E445DD4728668F77005FE9A1 /* Views */,
				E445DD4828668F7B005FE9A1 /* View Models */,
				E445DD4928668F82005FE9A1 /* Controllers */,
			);
			path = Home;
			sourceTree = "<group>";
		};
		E445DD4728668F77005FE9A1 /* Views */ = {
			isa = PBXGroup;
			children = (
			);
			path = Views;
			sourceTree = "<group>";
		};
		E445DD4828668F7B005FE9A1 /* View Models */ = {
			isa = PBXGroup;
			children = (
			);
			path = "View Models";
			sourceTree = "<group>";
		};
		E445DD4928668F82005FE9A1 /* Controllers */ = {
			isa = PBXGroup;
			children = (
				E445DD4A28668F9C005FE9A1 /* HomeViewController.swift */,
			);
			path = Controllers;
			sourceTree = "<group>";
		};
/* End PBXGroup section */

/* Begin PBXNativeTarget section */
		E445DCD928668EDA005FE9A1 /* Fastiee */ = {
			isa = PBXNativeTarget;
			buildConfigurationList = E445DD0428668EDC005FE9A1 /* Build configuration list for PBXNativeTarget "Fastiee" */;
			buildPhases = (
				E445DCD628668EDA005FE9A1 /* Sources */,
				E445DCD728668EDA005FE9A1 /* Frameworks */,
				E445DCD828668EDA005FE9A1 /* Resources */,
			);
			buildRules = (
			);
			dependencies = (
			);
			name = Fastiee;
			packageProductDependencies = (
				E445DD4D2866909C005FE9A1 /* SnapKit */,
				E445DD50286690B7005FE9A1 /* RxCocoa */,
				E445DD52286690B7005FE9A1 /* RxRelay */,
				E445DD54286690B7005FE9A1 /* RxSwift */,
				E445DD57286690CE005FE9A1 /* RxDataSources */,
			);
			productName = Fastiee;
			productReference = E445DCDA28668EDA005FE9A1 /* Fastiee.app */;
			productType = "com.apple.product-type.application";
		};
		E445DCEF28668EDC005FE9A1 /* FastieeTests */ = {
			isa = PBXNativeTarget;
			buildConfigurationList = E445DD0728668EDC005FE9A1 /* Build configuration list for PBXNativeTarget "FastieeTests" */;
			buildPhases = (
				E445DCEC28668EDC005FE9A1 /* Sources */,
				E445DCED28668EDC005FE9A1 /* Frameworks */,
				E445DCEE28668EDC005FE9A1 /* Resources */,
			);
			buildRules = (
			);
			dependencies = (
				E445DCF228668EDC005FE9A1 /* PBXTargetDependency */,
			);
			name = FastieeTests;
			productName = FastieeTests;
			productReference = E445DCF028668EDC005FE9A1 /* FastieeTests.xctest */;
			productType = "com.apple.product-type.bundle.unit-test";
		};
		E445DCF928668EDC005FE9A1 /* FastieeUITests */ = {
			isa = PBXNativeTarget;
			buildConfigurationList = E445DD0A28668EDC005FE9A1 /* Build configuration list for PBXNativeTarget "FastieeUITests" */;
			buildPhases = (
				E445DCF628668EDC005FE9A1 /* Sources */,
				E445DCF728668EDC005FE9A1 /* Frameworks */,
				E445DCF828668EDC005FE9A1 /* Resources */,
			);
			buildRules = (
			);
			dependencies = (
				E445DCFC28668EDC005FE9A1 /* PBXTargetDependency */,
			);
			name = FastieeUITests;
			productName = FastieeUITests;
			productReference = E445DCFA28668EDC005FE9A1 /* FastieeUITests.xctest */;
			productType = "com.apple.product-type.bundle.ui-testing";
		};
/* End PBXNativeTarget section */

/* Begin PBXProject section */
		E445DCD228668EDA005FE9A1 /* Project object */ = {
			isa = PBXProject;
			attributes = {
				BuildIndependentTargetsInParallel = 1;
				LastSwiftUpdateCheck = 1340;
				LastUpgradeCheck = 1340;
				TargetAttributes = {
					E445DCD928668EDA005FE9A1 = {
						CreatedOnToolsVersion = 13.4.1;
					};
					E445DCEF28668EDC005FE9A1 = {
						CreatedOnToolsVersion = 13.4.1;
						TestTargetID = E445DCD928668EDA005FE9A1;
					};
					E445DCF928668EDC005FE9A1 = {
						CreatedOnToolsVersion = 13.4.1;
						TestTargetID = E445DCD928668EDA005FE9A1;
					};
				};
			};
			buildConfigurationList = E445DCD528668EDA005FE9A1 /* Build configuration list for PBXProject "Fastiee" */;
			compatibilityVersion = "Xcode 13.0";
			developmentRegion = en;
			hasScannedForEncodings = 0;
			knownRegions = (
				en,
				Base,
			);
			mainGroup = E445DCD128668EDA005FE9A1;
			packageReferences = (
				E445DD4C2866909C005FE9A1 /* XCRemoteSwiftPackageReference "SnapKit" */,
				E445DD4F286690B7005FE9A1 /* XCRemoteSwiftPackageReference "RxSwift" */,
				E445DD56286690CE005FE9A1 /* XCRemoteSwiftPackageReference "RxDataSources" */,
			);
			productRefGroup = E445DCDB28668EDA005FE9A1 /* Products */;
			projectDirPath = "";
			projectRoot = "";
			targets = (
				E445DCD928668EDA005FE9A1 /* Fastiee */,
				E445DCEF28668EDC005FE9A1 /* FastieeTests */,
				E445DCF928668EDC005FE9A1 /* FastieeUITests */,
			);
		};
/* End PBXProject section */

/* Begin PBXResourcesBuildPhase section */
		E445DCD828668EDA005FE9A1 /* Resources */ = {
			isa = PBXResourcesBuildPhase;
			buildActionMask = 2147483647;
			files = (
				E445DCEA28668EDC005FE9A1 /* LaunchScreen.storyboard in Resources */,
				E445DCE728668EDC005FE9A1 /* Assets.xcassets in Resources */,
			);
			runOnlyForDeploymentPostprocessing = 0;
		};
		E445DCEE28668EDC005FE9A1 /* Resources */ = {
			isa = PBXResourcesBuildPhase;
			buildActionMask = 2147483647;
			files = (
			);
			runOnlyForDeploymentPostprocessing = 0;
		};
		E445DCF828668EDC005FE9A1 /* Resources */ = {
			isa = PBXResourcesBuildPhase;
			buildActionMask = 2147483647;
			files = (
			);
			runOnlyForDeploymentPostprocessing = 0;
		};
/* End PBXResourcesBuildPhase section */

/* Begin PBXSourcesBuildPhase section */
		E445DCD628668EDA005FE9A1 /* Sources */ = {
			isa = PBXSourcesBuildPhase;
			buildActionMask = 2147483647;
			files = (
				E445DD3928668F5A005FE9A1 /* UIViewController+Keyboard.swift in Sources */,
				E445DD3F28668F5A005FE9A1 /* UILabel+setLineHeight.swift in Sources */,
				E445DD3828668F5A005FE9A1 /* Decimal+formatter.swift in Sources */,
				E445DD3028668F5A005FE9A1 /* CircleView.swift in Sources */,
				E445DD3428668F5A005FE9A1 /* UIView+fadein.swift in Sources */,
				E445DD3C28668F5A005FE9A1 /* UIView+roundCorners.swift in Sources */,
				E445DD4228668F5A005FE9A1 /* Double+roundToDecimalPlace.swift in Sources */,
				E445DD3A28668F5A005FE9A1 /* Date+startOfMonth.swift in Sources */,
				E445DD2E28668F5A005FE9A1 /* IconButton.swift in Sources */,
				E445DD4028668F5A005FE9A1 /* UIViewController+Utils.swift in Sources */,
				E445DD4328668F5A005FE9A1 /* String+convertFromHTMLToAttributedString.swift in Sources */,
				E445DD4528668F5A005FE9A1 /* SpinnerView.swift in Sources */,
				E445DD3628668F5A005FE9A1 /* UIImageView+loadImageUsingURL.swift in Sources */,
				E445DD3E28668F5A005FE9A1 /* UIViewController+Toast.swift in Sources */,
				E445DD4428668F5A005FE9A1 /* ProgressBarView.swift in Sources */,
				E445DD2D28668F5A005FE9A1 /* ViewController.swift in Sources */,
				E445DD3528668F5A005FE9A1 /* String+convertEmojiToImage.swift in Sources */,
				E445DD3D28668F5A005FE9A1 /* Date+BeforeAfter.swift in Sources */,
				E445DD4128668F5A005FE9A1 /* String+capitalization.swift in Sources */,
				E445DD4B28668F9C005FE9A1 /* HomeViewController.swift in Sources */,
				E445DD3B28668F5A005FE9A1 /* UIStack+RemoveAll.swift in Sources */,
				E445DD2F28668F5A005FE9A1 /* RoundButton.swift in Sources */,
				E445DD3228668F5A005FE9A1 /* UIColor+Theme.swift in Sources */,
				E445DCDE28668EDA005FE9A1 /* AppDelegate.swift in Sources */,
				E445DD3328668F5A005FE9A1 /* UIFont+Theme.swift in Sources */,
				E445DD3128668F5A005FE9A1 /* TextButton.swift in Sources */,
				E445DD3728668F5A005FE9A1 /* UIColor+hex.swift in Sources */,
				E445DCE028668EDA005FE9A1 /* SceneDelegate.swift in Sources */,
				E445DD2C28668F5A005FE9A1 /* Constants.swift in Sources */,
			);
			runOnlyForDeploymentPostprocessing = 0;
		};
		E445DCEC28668EDC005FE9A1 /* Sources */ = {
			isa = PBXSourcesBuildPhase;
			buildActionMask = 2147483647;
			files = (
				E445DCF528668EDC005FE9A1 /* FastieeTests.swift in Sources */,
			);
			runOnlyForDeploymentPostprocessing = 0;
		};
		E445DCF628668EDC005FE9A1 /* Sources */ = {
			isa = PBXSourcesBuildPhase;
			buildActionMask = 2147483647;
			files = (
				E445DD0128668EDC005FE9A1 /* FastieeUITestsLaunchTests.swift in Sources */,
				E445DCFF28668EDC005FE9A1 /* FastieeUITests.swift in Sources */,
			);
			runOnlyForDeploymentPostprocessing = 0;
		};
/* End PBXSourcesBuildPhase section */

/* Begin PBXTargetDependency section */
		E445DCF228668EDC005FE9A1 /* PBXTargetDependency */ = {
			isa = PBXTargetDependency;
			target = E445DCD928668EDA005FE9A1 /* Fastiee */;
			targetProxy = E445DCF128668EDC005FE9A1 /* PBXContainerItemProxy */;
		};
		E445DCFC28668EDC005FE9A1 /* PBXTargetDependency */ = {
			isa = PBXTargetDependency;
			target = E445DCD928668EDA005FE9A1 /* Fastiee */;
			targetProxy = E445DCFB28668EDC005FE9A1 /* PBXContainerItemProxy */;
		};
/* End PBXTargetDependency section */

/* Begin PBXVariantGroup section */
		E445DCE828668EDC005FE9A1 /* LaunchScreen.storyboard */ = {
			isa = PBXVariantGroup;
			children = (
				E445DCE928668EDC005FE9A1 /* Base */,
			);
			name = LaunchScreen.storyboard;
			sourceTree = "<group>";
		};
/* End PBXVariantGroup section */

/* Begin XCBuildConfiguration section */
		E445DD0228668EDC005FE9A1 /* Debug */ = {
			isa = XCBuildConfiguration;
			buildSettings = {
				ALWAYS_SEARCH_USER_PATHS = NO;
				CLANG_ANALYZER_NONNULL = YES;
				CLANG_ANALYZER_NUMBER_OBJECT_CONVERSION = YES_AGGRESSIVE;
				CLANG_CXX_LANGUAGE_STANDARD = "gnu++17";
				CLANG_ENABLE_MODULES = YES;
				CLANG_ENABLE_OBJC_ARC = YES;
				CLANG_ENABLE_OBJC_WEAK = YES;
				CLANG_WARN_BLOCK_CAPTURE_AUTORELEASING = YES;
				CLANG_WARN_BOOL_CONVERSION = YES;
				CLANG_WARN_COMMA = YES;
				CLANG_WARN_CONSTANT_CONVERSION = YES;
				CLANG_WARN_DEPRECATED_OBJC_IMPLEMENTATIONS = YES;
				CLANG_WARN_DIRECT_OBJC_ISA_USAGE = YES_ERROR;
				CLANG_WARN_DOCUMENTATION_COMMENTS = YES;
				CLANG_WARN_EMPTY_BODY = YES;
				CLANG_WARN_ENUM_CONVERSION = YES;
				CLANG_WARN_INFINITE_RECURSION = YES;
				CLANG_WARN_INT_CONVERSION = YES;
				CLANG_WARN_NON_LITERAL_NULL_CONVERSION = YES;
				CLANG_WARN_OBJC_IMPLICIT_RETAIN_SELF = YES;
				CLANG_WARN_OBJC_LITERAL_CONVERSION = YES;
				CLANG_WARN_OBJC_ROOT_CLASS = YES_ERROR;
				CLANG_WARN_QUOTED_INCLUDE_IN_FRAMEWORK_HEADER = YES;
				CLANG_WARN_RANGE_LOOP_ANALYSIS = YES;
				CLANG_WARN_STRICT_PROTOTYPES = YES;
				CLANG_WARN_SUSPICIOUS_MOVE = YES;
				CLANG_WARN_UNGUARDED_AVAILABILITY = YES_AGGRESSIVE;
				CLANG_WARN_UNREACHABLE_CODE = YES;
				CLANG_WARN__DUPLICATE_METHOD_MATCH = YES;
				COPY_PHASE_STRIP = NO;
				DEBUG_INFORMATION_FORMAT = dwarf;
				ENABLE_STRICT_OBJC_MSGSEND = YES;
				ENABLE_TESTABILITY = YES;
				GCC_C_LANGUAGE_STANDARD = gnu11;
				GCC_DYNAMIC_NO_PIC = NO;
				GCC_NO_COMMON_BLOCKS = YES;
				GCC_OPTIMIZATION_LEVEL = 0;
				GCC_PREPROCESSOR_DEFINITIONS = (
					"DEBUG=1",
					"$(inherited)",
				);
				GCC_WARN_64_TO_32_BIT_CONVERSION = YES;
				GCC_WARN_ABOUT_RETURN_TYPE = YES_ERROR;
				GCC_WARN_UNDECLARED_SELECTOR = YES;
				GCC_WARN_UNINITIALIZED_AUTOS = YES_AGGRESSIVE;
				GCC_WARN_UNUSED_FUNCTION = YES;
				GCC_WARN_UNUSED_VARIABLE = YES;
				IPHONEOS_DEPLOYMENT_TARGET = 15.5;
				MTL_ENABLE_DEBUG_INFO = INCLUDE_SOURCE;
				MTL_FAST_MATH = YES;
				ONLY_ACTIVE_ARCH = YES;
				SDKROOT = iphoneos;
				SWIFT_ACTIVE_COMPILATION_CONDITIONS = DEBUG;
				SWIFT_OPTIMIZATION_LEVEL = "-Onone";
			};
			name = Debug;
		};
		E445DD0328668EDC005FE9A1 /* Release */ = {
			isa = XCBuildConfiguration;
			buildSettings = {
				ALWAYS_SEARCH_USER_PATHS = NO;
				CLANG_ANALYZER_NONNULL = YES;
				CLANG_ANALYZER_NUMBER_OBJECT_CONVERSION = YES_AGGRESSIVE;
				CLANG_CXX_LANGUAGE_STANDARD = "gnu++17";
				CLANG_ENABLE_MODULES = YES;
				CLANG_ENABLE_OBJC_ARC = YES;
				CLANG_ENABLE_OBJC_WEAK = YES;
				CLANG_WARN_BLOCK_CAPTURE_AUTORELEASING = YES;
				CLANG_WARN_BOOL_CONVERSION = YES;
				CLANG_WARN_COMMA = YES;
				CLANG_WARN_CONSTANT_CONVERSION = YES;
				CLANG_WARN_DEPRECATED_OBJC_IMPLEMENTATIONS = YES;
				CLANG_WARN_DIRECT_OBJC_ISA_USAGE = YES_ERROR;
				CLANG_WARN_DOCUMENTATION_COMMENTS = YES;
				CLANG_WARN_EMPTY_BODY = YES;
				CLANG_WARN_ENUM_CONVERSION = YES;
				CLANG_WARN_INFINITE_RECURSION = YES;
				CLANG_WARN_INT_CONVERSION = YES;
				CLANG_WARN_NON_LITERAL_NULL_CONVERSION = YES;
				CLANG_WARN_OBJC_IMPLICIT_RETAIN_SELF = YES;
				CLANG_WARN_OBJC_LITERAL_CONVERSION = YES;
				CLANG_WARN_OBJC_ROOT_CLASS = YES_ERROR;
				CLANG_WARN_QUOTED_INCLUDE_IN_FRAMEWORK_HEADER = YES;
				CLANG_WARN_RANGE_LOOP_ANALYSIS = YES;
				CLANG_WARN_STRICT_PROTOTYPES = YES;
				CLANG_WARN_SUSPICIOUS_MOVE = YES;
				CLANG_WARN_UNGUARDED_AVAILABILITY = YES_AGGRESSIVE;
				CLANG_WARN_UNREACHABLE_CODE = YES;
				CLANG_WARN__DUPLICATE_METHOD_MATCH = YES;
				COPY_PHASE_STRIP = NO;
				DEBUG_INFORMATION_FORMAT = "dwarf-with-dsym";
				ENABLE_NS_ASSERTIONS = NO;
				ENABLE_STRICT_OBJC_MSGSEND = YES;
				GCC_C_LANGUAGE_STANDARD = gnu11;
				GCC_NO_COMMON_BLOCKS = YES;
				GCC_WARN_64_TO_32_BIT_CONVERSION = YES;
				GCC_WARN_ABOUT_RETURN_TYPE = YES_ERROR;
				GCC_WARN_UNDECLARED_SELECTOR = YES;
				GCC_WARN_UNINITIALIZED_AUTOS = YES_AGGRESSIVE;
				GCC_WARN_UNUSED_FUNCTION = YES;
				GCC_WARN_UNUSED_VARIABLE = YES;
				IPHONEOS_DEPLOYMENT_TARGET = 15.5;
				MTL_ENABLE_DEBUG_INFO = NO;
				MTL_FAST_MATH = YES;
				SDKROOT = iphoneos;
				SWIFT_COMPILATION_MODE = wholemodule;
				SWIFT_OPTIMIZATION_LEVEL = "-O";
				VALIDATE_PRODUCT = YES;
			};
			name = Release;
		};
		E445DD0528668EDC005FE9A1 /* Debug */ = {
			isa = XCBuildConfiguration;
			buildSettings = {
				ASSETCATALOG_COMPILER_APPICON_NAME = AppIcon;
				ASSETCATALOG_COMPILER_GLOBAL_ACCENT_COLOR_NAME = AccentColor;
				CODE_SIGN_STYLE = Automatic;
				CURRENT_PROJECT_VERSION = 1;
				DEVELOPMENT_TEAM = Q83M63VYW4;
				GENERATE_INFOPLIST_FILE = YES;
				INFOPLIST_FILE = Fastiee/Info.plist;
				INFOPLIST_KEY_UIApplicationSupportsIndirectInputEvents = YES;
				INFOPLIST_KEY_UILaunchStoryboardName = LaunchScreen;
				INFOPLIST_KEY_UISupportedInterfaceOrientations_iPad = "UIInterfaceOrientationPortrait UIInterfaceOrientationPortraitUpsideDown UIInterfaceOrientationLandscapeLeft UIInterfaceOrientationLandscapeRight";
				INFOPLIST_KEY_UISupportedInterfaceOrientations_iPhone = "UIInterfaceOrientationPortrait UIInterfaceOrientationLandscapeLeft UIInterfaceOrientationLandscapeRight";
				LD_RUNPATH_SEARCH_PATHS = (
					"$(inherited)",
					"@executable_path/Frameworks",
				);
				MARKETING_VERSION = 1.0;
				PRODUCT_BUNDLE_IDENTIFIER = com.muhuiyu.Fastiee;
				PRODUCT_NAME = "$(TARGET_NAME)";
				SWIFT_EMIT_LOC_STRINGS = YES;
				SWIFT_VERSION = 5.0;
				TARGETED_DEVICE_FAMILY = "1,2";
			};
			name = Debug;
		};
		E445DD0628668EDC005FE9A1 /* Release */ = {
			isa = XCBuildConfiguration;
			buildSettings = {
				ASSETCATALOG_COMPILER_APPICON_NAME = AppIcon;
				ASSETCATALOG_COMPILER_GLOBAL_ACCENT_COLOR_NAME = AccentColor;
				CODE_SIGN_STYLE = Automatic;
				CURRENT_PROJECT_VERSION = 1;
				DEVELOPMENT_TEAM = Q83M63VYW4;
				GENERATE_INFOPLIST_FILE = YES;
				INFOPLIST_FILE = Fastiee/Info.plist;
				INFOPLIST_KEY_UIApplicationSupportsIndirectInputEvents = YES;
				INFOPLIST_KEY_UILaunchStoryboardName = LaunchScreen;
				INFOPLIST_KEY_UISupportedInterfaceOrientations_iPad = "UIInterfaceOrientationPortrait UIInterfaceOrientationPortraitUpsideDown UIInterfaceOrientationLandscapeLeft UIInterfaceOrientationLandscapeRight";
				INFOPLIST_KEY_UISupportedInterfaceOrientations_iPhone = "UIInterfaceOrientationPortrait UIInterfaceOrientationLandscapeLeft UIInterfaceOrientationLandscapeRight";
				LD_RUNPATH_SEARCH_PATHS = (
					"$(inherited)",
					"@executable_path/Frameworks",
				);
				MARKETING_VERSION = 1.0;
				PRODUCT_BUNDLE_IDENTIFIER = com.muhuiyu.Fastiee;
				PRODUCT_NAME = "$(TARGET_NAME)";
				SWIFT_EMIT_LOC_STRINGS = YES;
				SWIFT_VERSION = 5.0;
				TARGETED_DEVICE_FAMILY = "1,2";
			};
			name = Release;
		};
		E445DD0828668EDC005FE9A1 /* Debug */ = {
			isa = XCBuildConfiguration;
			buildSettings = {
				ALWAYS_EMBED_SWIFT_STANDARD_LIBRARIES = YES;
				BUNDLE_LOADER = "$(TEST_HOST)";
				CODE_SIGN_STYLE = Automatic;
				CURRENT_PROJECT_VERSION = 1;
				DEVELOPMENT_TEAM = Q83M63VYW4;
				GENERATE_INFOPLIST_FILE = YES;
				IPHONEOS_DEPLOYMENT_TARGET = 15.5;
				MARKETING_VERSION = 1.0;
				PRODUCT_BUNDLE_IDENTIFIER = com.muhuiyu.FastieeTests;
				PRODUCT_NAME = "$(TARGET_NAME)";
				SWIFT_EMIT_LOC_STRINGS = NO;
				SWIFT_VERSION = 5.0;
				TARGETED_DEVICE_FAMILY = "1,2";
				TEST_HOST = "$(BUILT_PRODUCTS_DIR)/Fastiee.app/Fastiee";
			};
			name = Debug;
		};
		E445DD0928668EDC005FE9A1 /* Release */ = {
			isa = XCBuildConfiguration;
			buildSettings = {
				ALWAYS_EMBED_SWIFT_STANDARD_LIBRARIES = YES;
				BUNDLE_LOADER = "$(TEST_HOST)";
				CODE_SIGN_STYLE = Automatic;
				CURRENT_PROJECT_VERSION = 1;
				DEVELOPMENT_TEAM = Q83M63VYW4;
				GENERATE_INFOPLIST_FILE = YES;
				IPHONEOS_DEPLOYMENT_TARGET = 15.5;
				MARKETING_VERSION = 1.0;
				PRODUCT_BUNDLE_IDENTIFIER = com.muhuiyu.FastieeTests;
				PRODUCT_NAME = "$(TARGET_NAME)";
				SWIFT_EMIT_LOC_STRINGS = NO;
				SWIFT_VERSION = 5.0;
				TARGETED_DEVICE_FAMILY = "1,2";
				TEST_HOST = "$(BUILT_PRODUCTS_DIR)/Fastiee.app/Fastiee";
			};
			name = Release;
		};
		E445DD0B28668EDC005FE9A1 /* Debug */ = {
			isa = XCBuildConfiguration;
			buildSettings = {
				ALWAYS_EMBED_SWIFT_STANDARD_LIBRARIES = YES;
				CODE_SIGN_STYLE = Automatic;
				CURRENT_PROJECT_VERSION = 1;
				DEVELOPMENT_TEAM = Q83M63VYW4;
				GENERATE_INFOPLIST_FILE = YES;
				MARKETING_VERSION = 1.0;
				PRODUCT_BUNDLE_IDENTIFIER = com.muhuiyu.FastieeUITests;
				PRODUCT_NAME = "$(TARGET_NAME)";
				SWIFT_EMIT_LOC_STRINGS = NO;
				SWIFT_VERSION = 5.0;
				TARGETED_DEVICE_FAMILY = "1,2";
				TEST_TARGET_NAME = Fastiee;
			};
			name = Debug;
		};
		E445DD0C28668EDC005FE9A1 /* Release */ = {
			isa = XCBuildConfiguration;
			buildSettings = {
				ALWAYS_EMBED_SWIFT_STANDARD_LIBRARIES = YES;
				CODE_SIGN_STYLE = Automatic;
				CURRENT_PROJECT_VERSION = 1;
				DEVELOPMENT_TEAM = Q83M63VYW4;
				GENERATE_INFOPLIST_FILE = YES;
				MARKETING_VERSION = 1.0;
				PRODUCT_BUNDLE_IDENTIFIER = com.muhuiyu.FastieeUITests;
				PRODUCT_NAME = "$(TARGET_NAME)";
				SWIFT_EMIT_LOC_STRINGS = NO;
				SWIFT_VERSION = 5.0;
				TARGETED_DEVICE_FAMILY = "1,2";
				TEST_TARGET_NAME = Fastiee;
			};
			name = Release;
		};
/* End XCBuildConfiguration section */

/* Begin XCConfigurationList section */
		E445DCD528668EDA005FE9A1 /* Build configuration list for PBXProject "Fastiee" */ = {
			isa = XCConfigurationList;
			buildConfigurations = (
				E445DD0228668EDC005FE9A1 /* Debug */,
				E445DD0328668EDC005FE9A1 /* Release */,
			);
			defaultConfigurationIsVisible = 0;
			defaultConfigurationName = Release;
		};
		E445DD0428668EDC005FE9A1 /* Build configuration list for PBXNativeTarget "Fastiee" */ = {
			isa = XCConfigurationList;
			buildConfigurations = (
				E445DD0528668EDC005FE9A1 /* Debug */,
				E445DD0628668EDC005FE9A1 /* Release */,
			);
			defaultConfigurationIsVisible = 0;
			defaultConfigurationName = Release;
		};
		E445DD0728668EDC005FE9A1 /* Build configuration list for PBXNativeTarget "FastieeTests" */ = {
			isa = XCConfigurationList;
			buildConfigurations = (
				E445DD0828668EDC005FE9A1 /* Debug */,
				E445DD0928668EDC005FE9A1 /* Release */,
			);
			defaultConfigurationIsVisible = 0;
			defaultConfigurationName = Release;
		};
		E445DD0A28668EDC005FE9A1 /* Build configuration list for PBXNativeTarget "FastieeUITests" */ = {
			isa = XCConfigurationList;
			buildConfigurations = (
				E445DD0B28668EDC005FE9A1 /* Debug */,
				E445DD0C28668EDC005FE9A1 /* Release */,
			);
			defaultConfigurationIsVisible = 0;
			defaultConfigurationName = Release;
		};
/* End XCConfigurationList section */

/* Begin XCRemoteSwiftPackageReference section */
		E445DD4C2866909C005FE9A1 /* XCRemoteSwiftPackageReference "SnapKit" */ = {
			isa = XCRemoteSwiftPackageReference;
			repositoryURL = "https://github.com/SnapKit/SnapKit";
			requirement = {
				branch = develop;
				kind = branch;
			};
		};
		E445DD4F286690B7005FE9A1 /* XCRemoteSwiftPackageReference "RxSwift" */ = {
			isa = XCRemoteSwiftPackageReference;
			repositoryURL = "https://github.com/ReactiveX/RxSwift";
			requirement = {
				branch = main;
				kind = branch;
			};
		};
		E445DD56286690CE005FE9A1 /* XCRemoteSwiftPackageReference "RxDataSources" */ = {
			isa = XCRemoteSwiftPackageReference;
			repositoryURL = "https://github.com/RxSwiftCommunity/RxDataSources";
			requirement = {
				branch = main;
				kind = branch;
			};
		};
/* End XCRemoteSwiftPackageReference section */

/* Begin XCSwiftPackageProductDependency section */
		E445DD4D2866909C005FE9A1 /* SnapKit */ = {
			isa = XCSwiftPackageProductDependency;
			package = E445DD4C2866909C005FE9A1 /* XCRemoteSwiftPackageReference "SnapKit" */;
			productName = SnapKit;
		};
		E445DD50286690B7005FE9A1 /* RxCocoa */ = {
			isa = XCSwiftPackageProductDependency;
			package = E445DD4F286690B7005FE9A1 /* XCRemoteSwiftPackageReference "RxSwift" */;
			productName = RxCocoa;
		};
		E445DD52286690B7005FE9A1 /* RxRelay */ = {
			isa = XCSwiftPackageProductDependency;
			package = E445DD4F286690B7005FE9A1 /* XCRemoteSwiftPackageReference "RxSwift" */;
			productName = RxRelay;
		};
		E445DD54286690B7005FE9A1 /* RxSwift */ = {
			isa = XCSwiftPackageProductDependency;
			package = E445DD4F286690B7005FE9A1 /* XCRemoteSwiftPackageReference "RxSwift" */;
			productName = RxSwift;
		};
		E445DD57286690CE005FE9A1 /* RxDataSources */ = {
			isa = XCSwiftPackageProductDependency;
			package = E445DD56286690CE005FE9A1 /* XCRemoteSwiftPackageReference "RxDataSources" */;
			productName = RxDataSources;
		};
/* End XCSwiftPackageProductDependency section */
	};
	rootObject = E445DCD228668EDA005FE9A1 /* Project object */;
}
